
Microsoft Visual Studio Solution File, Format Version 12.00
# Visual Studio Version 17
VisualStudioVersion = 17.1.32421.90
MinimumVisualStudioVersion = 10.0.40219.1
Project("{FAE04EC0-301F-11D3-BF4B-00C04F79EFBC}") = "DiscreetScreenshots", "DiscreetScreenshots.csproj", "{AAAB7CBC-CBDE-48FD-A0CE-588A5714E40C}"
EndProject
Global
	GlobalSection(SolutionConfigurationPlatforms) = preSolution
		Debug|Any CPU = Debug|Any CPU
		Release|Any CPU = Release|Any CPU
	EndGlobalSection
	GlobalSection(ProjectConfigurationPlatforms) = postSolution
		{AAAB7CBC-CBDE-48FD-A0CE-588A5714E40C}.Debug|Any CPU.ActiveCfg = Debug|Any CPU
		{AAAB7CBC-CBDE-48FD-A0CE-588A5714E40C}.Debug|Any CPU.Build.0 = Debug|Any CPU
		{AAAB7CBC-CBDE-48FD-A0CE-588A5714E40C}.Release|Any CPU.ActiveCfg = Release|Any CPU
		{AAAB7CBC-CBDE-48FD-A0CE-588A5714E40C}.Release|Any CPU.Build.0 = Release|Any CPU
	EndGlobalSection
	GlobalSection(SolutionProperties) = preSolution
		HideSolutionNode = FALSE
	EndGlobalSection
	GlobalSection(ExtensibilityGlobals) = postSolution
		SolutionGuid = {B5CFB85C-8EA2-4585-995B-043390C4C07B}
	EndGlobalSection
EndGlobal
